
Microsoft Visual Studio Solution File, Format Version 12.00
# Visual Studio Version 17
VisualStudioVersion = 17.9.34728.123
MinimumVisualStudioVersion = 10.0.40219.1
Project("{FAE04EC0-301F-11D3-BF4B-00C04F79EFBC}") = "TescoswTestForWork", "TescoswTestForWork\TescoswTestForWork.csproj", "{B3B8609F-C4CA-41E1-8A6B-D5C020D45DCE}"
EndProject
Global
	GlobalSection(SolutionConfigurationPlatforms) = preSolution
		Debug|Any CPU = Debug|Any CPU
		Release|Any CPU = Release|Any CPU
	EndGlobalSection
	GlobalSection(ProjectConfigurationPlatforms) = postSolution
		{B3B8609F-C4CA-41E1-8A6B-D5C020D45DCE}.Debug|Any CPU.ActiveCfg = Debug|Any CPU
		{B3B8609F-C4CA-41E1-8A6B-D5C020D45DCE}.Debug|Any CPU.Build.0 = Debug|Any CPU
		{B3B8609F-C4CA-41E1-8A6B-D5C020D45DCE}.Release|Any CPU.ActiveCfg = Release|Any CPU
		{B3B8609F-C4CA-41E1-8A6B-D5C020D45DCE}.Release|Any CPU.Build.0 = Release|Any CPU
	EndGlobalSection
	GlobalSection(SolutionProperties) = preSolution
		HideSolutionNode = FALSE
	EndGlobalSection
	GlobalSection(ExtensibilityGlobals) = postSolution
		SolutionGuid = {8E5B9673-2D67-46EF-A66F-8FC65C943DCB}
	EndGlobalSection
EndGlobal
